
Microsoft Visual Studio Solution File, Format Version 12.00
# Visual Studio Version 16
VisualStudioVersion = 16.0.30907.101
MinimumVisualStudioVersion = 10.0.40219.1
Project("{FAE04EC0-301F-11D3-BF4B-00C04F79EFBC}") = "D2_Conditionals", "D2_Conditionals.csproj", "{79AE10E5-E29D-4D3D-B335-E5A87885A123}"
EndProject
Global
	GlobalSection(SolutionConfigurationPlatforms) = preSolution
		Debug|Any CPU = Debug|Any CPU
		Release|Any CPU = Release|Any CPU
	EndGlobalSection
	GlobalSection(ProjectConfigurationPlatforms) = postSolution
		{79AE10E5-E29D-4D3D-B335-E5A87885A123}.Debug|Any CPU.ActiveCfg = Debug|Any CPU
		{79AE10E5-E29D-4D3D-B335-E5A87885A123}.Debug|Any CPU.Build.0 = Debug|Any CPU
		{79AE10E5-E29D-4D3D-B335-E5A87885A123}.Release|Any CPU.ActiveCfg = Release|Any CPU
		{79AE10E5-E29D-4D3D-B335-E5A87885A123}.Release|Any CPU.Build.0 = Release|Any CPU
	EndGlobalSection
	GlobalSection(SolutionProperties) = preSolution
		HideSolutionNode = FALSE
	EndGlobalSection
	GlobalSection(ExtensibilityGlobals) = postSolution
		SolutionGuid = {5A169A03-52ED-4721-9FFE-EA910DFB5DE6}
	EndGlobalSection
EndGlobal
